
Microsoft Visual Studio Solution File, Format Version 12.00
# Visual Studio Version 16
VisualStudioVersion = 16.0.31729.503
MinimumVisualStudioVersion = 10.0.40219.1
Project("{FAE04EC0-301F-11D3-BF4B-00C04F79EFBC}") = "lb4_spz", "lb4_spz\lb4_spz.csproj", "{F450B824-4192-4241-9246-6D1ECE61DE66}"
EndProject
Global
	GlobalSection(SolutionConfigurationPlatforms) = preSolution
		Debug|Any CPU = Debug|Any CPU
		Release|Any CPU = Release|Any CPU
	EndGlobalSection
	GlobalSection(ProjectConfigurationPlatforms) = postSolution
		{F450B824-4192-4241-9246-6D1ECE61DE66}.Debug|Any CPU.ActiveCfg = Debug|Any CPU
		{F450B824-4192-4241-9246-6D1ECE61DE66}.Debug|Any CPU.Build.0 = Debug|Any CPU
		{F450B824-4192-4241-9246-6D1ECE61DE66}.Release|Any CPU.ActiveCfg = Release|Any CPU
		{F450B824-4192-4241-9246-6D1ECE61DE66}.Release|Any CPU.Build.0 = Release|Any CPU
	EndGlobalSection
	GlobalSection(SolutionProperties) = preSolution
		HideSolutionNode = FALSE
	EndGlobalSection
	GlobalSection(ExtensibilityGlobals) = postSolution
		SolutionGuid = {6973FDBB-D002-4E94-86D9-46D01FC68DBC}
	EndGlobalSection
EndGlobal
